
Microsoft Visual Studio Solution File, Format Version 12.00
# Visual Studio Version 17
VisualStudioVersion = 17.4.33213.308
MinimumVisualStudioVersion = 10.0.40219.1
Project("{F184B08F-C81C-45F6-A57F-5ABD9991F28F}") = "Labini_Activity4", "Labini_Activity4\Labini_Activity4.vbproj", "{5BD4B3D6-2365-4F89-8189-88FA861C4A7E}"
EndProject
Global
	GlobalSection(SolutionConfigurationPlatforms) = preSolution
		Debug|Any CPU = Debug|Any CPU
		Release|Any CPU = Release|Any CPU
	EndGlobalSection
	GlobalSection(ProjectConfigurationPlatforms) = postSolution
		{5BD4B3D6-2365-4F89-8189-88FA861C4A7E}.Debug|Any CPU.ActiveCfg = Debug|Any CPU
		{5BD4B3D6-2365-4F89-8189-88FA861C4A7E}.Debug|Any CPU.Build.0 = Debug|Any CPU
		{5BD4B3D6-2365-4F89-8189-88FA861C4A7E}.Release|Any CPU.ActiveCfg = Release|Any CPU
		{5BD4B3D6-2365-4F89-8189-88FA861C4A7E}.Release|Any CPU.Build.0 = Release|Any CPU
	EndGlobalSection
	GlobalSection(SolutionProperties) = preSolution
		HideSolutionNode = FALSE
	EndGlobalSection
	GlobalSection(ExtensibilityGlobals) = postSolution
		SolutionGuid = {2F3D8467-0DB5-4CB6-A4B2-7981CA8EF79B}
	EndGlobalSection
EndGlobal
